
Microsoft Visual Studio Solution File, Format Version 12.00
# Visual Studio Version 16
VisualStudioVersion = 16.0.31112.23
MinimumVisualStudioVersion = 10.0.40219.1
Project("{FAE04EC0-301F-11D3-BF4B-00C04F79EFBC}") = "HelloForm", "HelloForm\HelloForm.csproj", "{6BDF4F10-32EA-4A89-BAE3-4962494793A2}"
EndProject
Global
	GlobalSection(SolutionConfigurationPlatforms) = preSolution
		Debug|Any CPU = Debug|Any CPU
		Release|Any CPU = Release|Any CPU
	EndGlobalSection
	GlobalSection(ProjectConfigurationPlatforms) = postSolution
		{6BDF4F10-32EA-4A89-BAE3-4962494793A2}.Debug|Any CPU.ActiveCfg = Debug|Any CPU
		{6BDF4F10-32EA-4A89-BAE3-4962494793A2}.Debug|Any CPU.Build.0 = Debug|Any CPU
		{6BDF4F10-32EA-4A89-BAE3-4962494793A2}.Release|Any CPU.ActiveCfg = Release|Any CPU
		{6BDF4F10-32EA-4A89-BAE3-4962494793A2}.Release|Any CPU.Build.0 = Release|Any CPU
	EndGlobalSection
	GlobalSection(SolutionProperties) = preSolution
		HideSolutionNode = FALSE
	EndGlobalSection
	GlobalSection(ExtensibilityGlobals) = postSolution
		SolutionGuid = {F72AE7AF-E1AE-4023-9279-FAFCE3D116AF}
	EndGlobalSection
EndGlobal
