
Microsoft Visual Studio Solution File, Format Version 12.00
# Visual Studio Version 16
VisualStudioVersion = 16.0.31129.286
MinimumVisualStudioVersion = 10.0.40219.1
Project("{8BC9CEB8-8B4A-11D0-8D11-00A0C91BC942}") = "Prob302", "Prob302\Prob302.vcxproj", "{71533D71-3E61-46A9-A4C1-E19161612398}"
EndProject
Global
	GlobalSection(SolutionConfigurationPlatforms) = preSolution
		Debug|x64 = Debug|x64
		Debug|x86 = Debug|x86
		Release|x64 = Release|x64
		Release|x86 = Release|x86
	EndGlobalSection
	GlobalSection(ProjectConfigurationPlatforms) = postSolution
		{71533D71-3E61-46A9-A4C1-E19161612398}.Debug|x64.ActiveCfg = Debug|x64
		{71533D71-3E61-46A9-A4C1-E19161612398}.Debug|x64.Build.0 = Debug|x64
		{71533D71-3E61-46A9-A4C1-E19161612398}.Debug|x86.ActiveCfg = Debug|Win32
		{71533D71-3E61-46A9-A4C1-E19161612398}.Debug|x86.Build.0 = Debug|Win32
		{71533D71-3E61-46A9-A4C1-E19161612398}.Release|x64.ActiveCfg = Release|x64
		{71533D71-3E61-46A9-A4C1-E19161612398}.Release|x64.Build.0 = Release|x64
		{71533D71-3E61-46A9-A4C1-E19161612398}.Release|x86.ActiveCfg = Release|Win32
		{71533D71-3E61-46A9-A4C1-E19161612398}.Release|x86.Build.0 = Release|Win32
	EndGlobalSection
	GlobalSection(SolutionProperties) = preSolution
		HideSolutionNode = FALSE
	EndGlobalSection
	GlobalSection(ExtensibilityGlobals) = postSolution
		SolutionGuid = {DB9D4238-629E-4123-A585-F7D4927616D7}
	EndGlobalSection
EndGlobal
