
Microsoft Visual Studio Solution File, Format Version 12.00
# Visual Studio Version 16
VisualStudioVersion = 16.0.31112.23
MinimumVisualStudioVersion = 10.0.40219.1
Project("{FAE04EC0-301F-11D3-BF4B-00C04F79EFBC}") = "SlackPost", "SlackPost\SlackPost.csproj", "{915DA191-43C9-434F-A4C1-167290479C52}"
EndProject
Global
	GlobalSection(SolutionConfigurationPlatforms) = preSolution
		Debug|Any CPU = Debug|Any CPU
		Release|Any CPU = Release|Any CPU
	EndGlobalSection
	GlobalSection(ProjectConfigurationPlatforms) = postSolution
		{915DA191-43C9-434F-A4C1-167290479C52}.Debug|Any CPU.ActiveCfg = Debug|Any CPU
		{915DA191-43C9-434F-A4C1-167290479C52}.Debug|Any CPU.Build.0 = Debug|Any CPU
		{915DA191-43C9-434F-A4C1-167290479C52}.Release|Any CPU.ActiveCfg = Release|Any CPU
		{915DA191-43C9-434F-A4C1-167290479C52}.Release|Any CPU.Build.0 = Release|Any CPU
	EndGlobalSection
	GlobalSection(SolutionProperties) = preSolution
		HideSolutionNode = FALSE
	EndGlobalSection
	GlobalSection(ExtensibilityGlobals) = postSolution
		SolutionGuid = {84003847-37A5-44A8-85B0-AD1E777A686A}
	EndGlobalSection
EndGlobal
