
Microsoft Visual Studio Solution File, Format Version 12.00
# Visual Studio Version 16
VisualStudioVersion = 16.0.31129.286
MinimumVisualStudioVersion = 10.0.40219.1
Project("{8BC9CEB8-8B4A-11D0-8D11-00A0C91BC942}") = "Sample605", "Sample605\Sample605.vcxproj", "{B1669872-2FF9-4304-B196-BFE81913384B}"
EndProject
Global
	GlobalSection(SolutionConfigurationPlatforms) = preSolution
		Debug|x64 = Debug|x64
		Debug|x86 = Debug|x86
		Release|x64 = Release|x64
		Release|x86 = Release|x86
	EndGlobalSection
	GlobalSection(ProjectConfigurationPlatforms) = postSolution
		{B1669872-2FF9-4304-B196-BFE81913384B}.Debug|x64.ActiveCfg = Debug|x64
		{B1669872-2FF9-4304-B196-BFE81913384B}.Debug|x64.Build.0 = Debug|x64
		{B1669872-2FF9-4304-B196-BFE81913384B}.Debug|x86.ActiveCfg = Debug|Win32
		{B1669872-2FF9-4304-B196-BFE81913384B}.Debug|x86.Build.0 = Debug|Win32
		{B1669872-2FF9-4304-B196-BFE81913384B}.Release|x64.ActiveCfg = Release|x64
		{B1669872-2FF9-4304-B196-BFE81913384B}.Release|x64.Build.0 = Release|x64
		{B1669872-2FF9-4304-B196-BFE81913384B}.Release|x86.ActiveCfg = Release|Win32
		{B1669872-2FF9-4304-B196-BFE81913384B}.Release|x86.Build.0 = Release|Win32
	EndGlobalSection
	GlobalSection(SolutionProperties) = preSolution
		HideSolutionNode = FALSE
	EndGlobalSection
	GlobalSection(ExtensibilityGlobals) = postSolution
		SolutionGuid = {F24D4DDC-0043-4BFB-8FBE-FDF90D99E775}
	EndGlobalSection
EndGlobal
