
Microsoft Visual Studio Solution File, Format Version 12.00
# Visual Studio Version 17
VisualStudioVersion = 17.2.32505.173
MinimumVisualStudioVersion = 10.0.40219.1
Project("{FAE04EC0-301F-11D3-BF4B-00C04F79EFBC}") = "StringSample", "StringSample\StringSample.csproj", "{E7893DAC-89AD-4A13-AE50-B169B35B764C}"
EndProject
Global
	GlobalSection(SolutionConfigurationPlatforms) = preSolution
		Debug|Any CPU = Debug|Any CPU
		Release|Any CPU = Release|Any CPU
	EndGlobalSection
	GlobalSection(ProjectConfigurationPlatforms) = postSolution
		{E7893DAC-89AD-4A13-AE50-B169B35B764C}.Debug|Any CPU.ActiveCfg = Debug|Any CPU
		{E7893DAC-89AD-4A13-AE50-B169B35B764C}.Debug|Any CPU.Build.0 = Debug|Any CPU
		{E7893DAC-89AD-4A13-AE50-B169B35B764C}.Release|Any CPU.ActiveCfg = Release|Any CPU
		{E7893DAC-89AD-4A13-AE50-B169B35B764C}.Release|Any CPU.Build.0 = Release|Any CPU
	EndGlobalSection
	GlobalSection(SolutionProperties) = preSolution
		HideSolutionNode = FALSE
	EndGlobalSection
	GlobalSection(ExtensibilityGlobals) = postSolution
		SolutionGuid = {79678294-C042-4B45-819A-C7EDC23A598D}
	EndGlobalSection
EndGlobal
